
Microsoft Visual Studio Solution File, Format Version 12.00
# Visual Studio Version 17
VisualStudioVersion = 17.1.31911.260
MinimumVisualStudioVersion = 10.0.40219.1
Project("{9A19103F-16F7-4668-BE54-9A1E7A4F7556}") = "CLI.Microsoft365.PowerShell.Predictor", "CLI.Microsoft365.PowerShell.Predictor\CLI.Microsoft365.PowerShell.Predictor.csproj", "{488651CD-5EBC-41DD-B83B-4DDCFF81AE99}"
EndProject
Project("{F5034706-568F-408A-B7B3-4D38C6DB8A32}") = "CLI.Microsoft365.PowerShell.Predictor.Module", "CLI.Microsoft365.PowerShell.Predictor.Module\CLI.Microsoft365.PowerShell.Predictor.Module.pssproj", "{6CAFC0C6-A428-4D30-A9F9-700E829FEA51}"
EndProject
Global
	GlobalSection(SolutionConfigurationPlatforms) = preSolution
		Debug|Any CPU = Debug|Any CPU
		Release|Any CPU = Release|Any CPU
	EndGlobalSection
	GlobalSection(ProjectConfigurationPlatforms) = postSolution
		{488651CD-5EBC-41DD-B83B-4DDCFF81AE99}.Debug|Any CPU.ActiveCfg = Debug|Any CPU
		{488651CD-5EBC-41DD-B83B-4DDCFF81AE99}.Debug|Any CPU.Build.0 = Debug|Any CPU
		{488651CD-5EBC-41DD-B83B-4DDCFF81AE99}.Release|Any CPU.ActiveCfg = Release|Any CPU
		{488651CD-5EBC-41DD-B83B-4DDCFF81AE99}.Release|Any CPU.Build.0 = Release|Any CPU
		{6CAFC0C6-A428-4D30-A9F9-700E829FEA51}.Debug|Any CPU.ActiveCfg = Debug|Any CPU
		{6CAFC0C6-A428-4D30-A9F9-700E829FEA51}.Debug|Any CPU.Build.0 = Debug|Any CPU
		{6CAFC0C6-A428-4D30-A9F9-700E829FEA51}.Release|Any CPU.ActiveCfg = Release|Any CPU
		{6CAFC0C6-A428-4D30-A9F9-700E829FEA51}.Release|Any CPU.Build.0 = Release|Any CPU
	EndGlobalSection
	GlobalSection(SolutionProperties) = preSolution
		HideSolutionNode = FALSE
	EndGlobalSection
	GlobalSection(ExtensibilityGlobals) = postSolution
		SolutionGuid = {C6AC4AC9-BFEC-448D-989B-3F8B9111E3CE}
	EndGlobalSection
EndGlobal
